Microsoft Visual Studio Solution File, Format Version 12.00
# Visual Studio Version 17
VisualStudioVersion = 17.5.2.0
MinimumVisualStudioVersion = 10.0.40219.1
Project("{FAE04EC0-301F-11D3-BF4B-00C04F79EFBC}") = "MaxHotel", "MaxHotel.csproj", "{9059F25A-1BD9-3EC7-E74B-FDD1DC6A8021}"
EndProject
Global
	GlobalSection(SolutionConfigurationPlatforms) = preSolution
		Debug|Any CPU = Debug|Any CPU
		Release|Any CPU = Release|Any CPU
	EndGlobalSection
	GlobalSection(ProjectConfigurationPlatforms) = postSolution
		{9059F25A-1BD9-3EC7-E74B-FDD1DC6A8021}.Debug|Any CPU.ActiveCfg = Debug|Any CPU
		{9059F25A-1BD9-3EC7-E74B-FDD1DC6A8021}.Debug|Any CPU.Build.0 = Debug|Any CPU
		{9059F25A-1BD9-3EC7-E74B-FDD1DC6A8021}.Release|Any CPU.ActiveCfg = Release|Any CPU
		{9059F25A-1BD9-3EC7-E74B-FDD1DC6A8021}.Release|Any CPU.Build.0 = Release|Any CPU
	EndGlobalSection
	GlobalSection(SolutionProperties) = preSolution
		HideSolutionNode = FALSE
	EndGlobalSection
	GlobalSection(ExtensibilityGlobals) = postSolution
		SolutionGuid = {EAD9C546-1AC9-4C97-BFA6-657E3E2C2F75}
	EndGlobalSection
EndGlobal
